{
  "name": "fundacion",
  "version": "1.0.0",
  "lockfileVersion": 1,
  "requires": true,
  "dependencies": {
    "aframe-gif-component": {
      "version": "0.2.0",
      "resolved": "https://registry.npmjs.org/aframe-gif-component/-/aframe-gif-component-0.2.0.tgz",
      "integrity": "sha1-XG40Kt2FpcNs/YVHMkh3//mPe9Q="
    }
  }
}
